
Microsoft Visual Studio Solution File, Format Version 12.00
# Visual Studio Version 17
VisualStudioVersion = 17.9.34723.18
MinimumVisualStudioVersion = 10.0.40219.1
Project("{FAE04EC0-301F-11D3-BF4B-00C04F79EFBC}") = "FlowSensor2Ingestorfunction", "FlowSensor2Ingestorfunction\FlowSensor2Ingestorfunction.csproj", "{BB01055D-4CAC-4923-8483-6A87F4A5DA3A}"
EndProject
Global
	GlobalSection(SolutionConfigurationPlatforms) = preSolution
		Debug|Any CPU = Debug|Any CPU
		Release|Any CPU = Release|Any CPU
	EndGlobalSection
	GlobalSection(ProjectConfigurationPlatforms) = postSolution
		{BB01055D-4CAC-4923-8483-6A87F4A5DA3A}.Debug|Any CPU.ActiveCfg = Debug|Any CPU
		{BB01055D-4CAC-4923-8483-6A87F4A5DA3A}.Debug|Any CPU.Build.0 = Debug|Any CPU
		{BB01055D-4CAC-4923-8483-6A87F4A5DA3A}.Release|Any CPU.ActiveCfg = Release|Any CPU
		{BB01055D-4CAC-4923-8483-6A87F4A5DA3A}.Release|Any CPU.Build.0 = Release|Any CPU
	EndGlobalSection
	GlobalSection(SolutionProperties) = preSolution
		HideSolutionNode = FALSE
	EndGlobalSection
	GlobalSection(ExtensibilityGlobals) = postSolution
		SolutionGuid = {2CF38846-3841-4B42-9992-07FE7CAD1D65}
	EndGlobalSection
EndGlobal
